{
  "name": "@notverywellc/dummy",
  "version": "0.0.0",
  "lockfileVersion": 1,
  "requires": true,
  "dependencies": {
    "@notverywellc/cli": {
      "version": "0.0.5",
      "resolved": "https://registry.npmjs.org/@notverywellc/cli/-/cli-0.0.5.tgz",
      "integrity": "sha512-H8Ip4uUOWVrX/syFSQztdJ3qxBH6yvSUzCVIten2/OIgIovzq6wgAhy0RAR/DDyUW6sAch0mbAY7NUcTDarYLA==",
      "requires": {
        "@types/node": "^16.10.2",
        "commander": "^8.2.0"
      }
    },
    "@types/node": {
      "version": "16.10.2",
      "resolved": "https://registry.npmjs.org/@types/node/-/node-16.10.2.tgz",
      "integrity": "sha512-zCclL4/rx+W5SQTzFs9wyvvyCwoK9QtBpratqz2IYJ3O8Umrn0m3nsTv0wQBk9sRGpvUe9CwPDrQFB10f1FIjQ=="
    },
    "commander": {
      "version": "8.2.0",
      "resolved": "https://registry.npmjs.org/commander/-/commander-8.2.0.tgz",
      "integrity": "sha512-LLKxDvHeL91/8MIyTAD5BFMNtoIwztGPMiM/7Bl8rIPmHCZXRxmSWr91h57dpOpnQ6jIUqEWdXE/uBYMfiVZDA=="
    }
  }
}
